
Microsoft Visual Studio Solution File, Format Version 12.00
# Visual Studio Version 16
VisualStudioVersion = 16.0.31727.386
MinimumVisualStudioVersion = 10.0.40219.1
Project("{FAE04EC0-301F-11D3-BF4B-00C04F79EFBC}") = "constructor-setter-getter", "constructor-setter-getter\constructor-setter-getter.csproj", "{105C36FB-0E38-4BF1-9AE9-2B73FD38D6AF}"
EndProject
Project("{FAE04EC0-301F-11D3-BF4B-00C04F79EFBC}") = "herencia", "herencia\herencia.csproj", "{D8B3AD59-3BC9-4B86-B8C1-9448A7D597CA}"
EndProject
Project("{FAE04EC0-301F-11D3-BF4B-00C04F79EFBC}") = "example", "proyecto\example.csproj", "{97E52FA8-08A1-4F2B-97B3-70B2EC4F4CE3}"
EndProject
Global
	GlobalSection(SolutionConfigurationPlatforms) = preSolution
		Debug|Any CPU = Debug|Any CPU
		Release|Any CPU = Release|Any CPU
	EndGlobalSection
	GlobalSection(ProjectConfigurationPlatforms) = postSolution
		{105C36FB-0E38-4BF1-9AE9-2B73FD38D6AF}.Debug|Any CPU.ActiveCfg = Debug|Any CPU
		{105C36FB-0E38-4BF1-9AE9-2B73FD38D6AF}.Debug|Any CPU.Build.0 = Debug|Any CPU
		{105C36FB-0E38-4BF1-9AE9-2B73FD38D6AF}.Release|Any CPU.ActiveCfg = Release|Any CPU
		{105C36FB-0E38-4BF1-9AE9-2B73FD38D6AF}.Release|Any CPU.Build.0 = Release|Any CPU
		{D8B3AD59-3BC9-4B86-B8C1-9448A7D597CA}.Debug|Any CPU.ActiveCfg = Debug|Any CPU
		{D8B3AD59-3BC9-4B86-B8C1-9448A7D597CA}.Debug|Any CPU.Build.0 = Debug|Any CPU
		{D8B3AD59-3BC9-4B86-B8C1-9448A7D597CA}.Release|Any CPU.ActiveCfg = Release|Any CPU
		{D8B3AD59-3BC9-4B86-B8C1-9448A7D597CA}.Release|Any CPU.Build.0 = Release|Any CPU
		{97E52FA8-08A1-4F2B-97B3-70B2EC4F4CE3}.Debug|Any CPU.ActiveCfg = Debug|Any CPU
		{97E52FA8-08A1-4F2B-97B3-70B2EC4F4CE3}.Debug|Any CPU.Build.0 = Debug|Any CPU
		{97E52FA8-08A1-4F2B-97B3-70B2EC4F4CE3}.Release|Any CPU.ActiveCfg = Release|Any CPU
		{97E52FA8-08A1-4F2B-97B3-70B2EC4F4CE3}.Release|Any CPU.Build.0 = Release|Any CPU
	EndGlobalSection
	GlobalSection(SolutionProperties) = preSolution
		HideSolutionNode = FALSE
	EndGlobalSection
	GlobalSection(ExtensibilityGlobals) = postSolution
		SolutionGuid = {E6B3AF0F-2B83-44B7-8CE7-B81A8412C938}
	EndGlobalSection
EndGlobal
